// !$*UTF8*$!
{
	archiveVersion = 1;
	classes = {
	};
	objectVersion = 51;
	objects = {

/* Begin PBXBuildFile section */
		00286383FBEE65A2BD2CB3D7 /* Pods_vesti_ru.framework in Frameworks */ = {isa = PBXBuildFile; fileRef = 8FC42720F083A217B3C9E262 /* Pods_vesti_ru.framework */; };
		FC51669924B4919300DAA1EE /* AppDelegate.swift in Sources */ = {isa = PBXBuildFile; fileRef = FC51669824B4919300DAA1EE /* AppDelegate.swift */; };
		FC51669B24B4919300DAA1EE /* SceneDelegate.swift in Sources */ = {isa = PBXBuildFile; fileRef = FC51669A24B4919300DAA1EE /* SceneDelegate.swift */; };
		FC51669D24B4919300DAA1EE /* NewsFeedViewController.swift in Sources */ = {isa = PBXBuildFile; fileRef = FC51669C24B4919300DAA1EE /* NewsFeedViewController.swift */; };
		FC5166A024B4919300DAA1EE /* Main.storyboard in Resources */ = {isa = PBXBuildFile; fileRef = FC51669E24B4919300DAA1EE /* Main.storyboard */; };
		FC5166A224B4919900DAA1EE /* Assets.xcassets in Resources */ = {isa = PBXBuildFile; fileRef = FC5166A124B4919900DAA1EE /* Assets.xcassets */; };
		FC5166A524B4919900DAA1EE /* LaunchScreen.storyboard in Resources */ = {isa = PBXBuildFile; fileRef = FC5166A324B4919900DAA1EE /* LaunchScreen.storyboard */; };
		FC5166AE24B4F09300DAA1EE /* NewsCell.swift in Sources */ = {isa = PBXBuildFile; fileRef = FC5166AC24B4F09300DAA1EE /* NewsCell.swift */; };
		FC5166AF24B4F09300DAA1EE /* NewsCell.xib in Resources */ = {isa = PBXBuildFile; fileRef = FC5166AD24B4F09300DAA1EE /* NewsCell.xib */; };
		FC5166B324B4FC5A00DAA1EE /* XMLParser.swift in Sources */ = {isa = PBXBuildFile; fileRef = FC5166B224B4FC5A00DAA1EE /* XMLParser.swift */; };
		FC5166D624B89EFE00DAA1EE /* NewsViewConroller.swift in Sources */ = {isa = PBXBuildFile; fileRef = FC5166D524B89EFD00DAA1EE /* NewsViewConroller.swift */; };
		FC5166D824B8A5C400DAA1EE /* News.swift in Sources */ = {isa = PBXBuildFile; fileRef = FC5166D724B8A5C400DAA1EE /* News.swift */; };
		FC5166DA24BB1FCE00DAA1EE /* CategoriesViewController.swift in Sources */ = {isa = PBXBuildFile; fileRef = FC5166D924BB1FCE00DAA1EE /* CategoriesViewController.swift */; };
		FC5166DC24BB6F2B00DAA1EE /* AppLaunchingViewController.swift in Sources */ = {isa = PBXBuildFile; fileRef = FC5166DB24BB6F2B00DAA1EE /* AppLaunchingViewController.swift */; };
/* End PBXBuildFile section */

/* Begin PBXFileReference section */
		3AEA7297D8952B9CBBA63662 /* Pods-vesti.ru.release.xcconfig */ = {isa = PBXFileReference; includeInIndex = 1; lastKnownFileType = text.xcconfig; name = "Pods-vesti.ru.release.xcconfig"; path = "Target Support Files/Pods-vesti.ru/Pods-vesti.ru.release.xcconfig"; sourceTree = "<group>"; };
		8FC42720F083A217B3C9E262 /* Pods_vesti_ru.framework */ = {isa = PBXFileReference; explicitFileType = wrapper.framework; includeInIndex = 0; path = Pods_vesti_ru.framework; sourceTree = BUILT_PRODUCTS_DIR; };
		FC51669524B4919300DAA1EE /* ВЕСТИ.RU.app */ = {isa = PBXFileReference; explicitFileType = wrapper.application; includeInIndex = 0; path = "ВЕСТИ.RU.app"; sourceTree = BUILT_PRODUCTS_DIR; };
		FC51669824B4919300DAA1EE /* AppDelegate.swift */ = {isa = PBXFileReference; lastKnownFileType = sourcecode.swift; path = AppDelegate.swift; sourceTree = "<group>"; };
		FC51669A24B4919300DAA1EE /* SceneDelegate.swift */ = {isa = PBXFileReference; lastKnownFileType = sourcecode.swift; path = SceneDelegate.swift; sourceTree = "<group>"; };
		FC51669C24B4919300DAA1EE /* NewsFeedViewController.swift */ = {isa = PBXFileReference; lastKnownFileType = sourcecode.swift; path = NewsFeedViewController.swift; sourceTree = "<group>"; };
		FC51669F24B4919300DAA1EE /* Base */ = {isa = PBXFileReference; lastKnownFileType = file.storyboard; name = Base; path = Base.lproj/Main.storyboard; sourceTree = "<group>"; };
		FC5166A124B4919900DAA1EE /* Assets.xcassets */ = {isa = PBXFileReference; lastKnownFileType = folder.assetcatalog; path = Assets.xcassets; sourceTree = "<group>"; };
		FC5166A424B4919900DAA1EE /* Base */ = {isa = PBXFileReference; lastKnownFileType = file.storyboard; name = Base; path = Base.lproj/LaunchScreen.storyboard; sourceTree = "<group>"; };
		FC5166A624B4919900DAA1EE /* Info.plist */ = {isa = PBXFileReference; lastKnownFileType = text.plist.xml; path = Info.plist; sourceTree = "<group>"; };
		FC5166AC24B4F09300DAA1EE /* NewsCell.swift */ = {isa = PBXFileReference; lastKnownFileType = sourcecode.swift; path = NewsCell.swift; sourceTree = "<group>"; };
		FC5166AD24B4F09300DAA1EE /* NewsCell.xib */ = {isa = PBXFileReference; lastKnownFileType = file.xib; path = NewsCell.xib; sourceTree = "<group>"; };
		FC5166B224B4FC5A00DAA1EE /* XMLParser.swift */ = {isa = PBXFileReference; lastKnownFileType = sourcecode.swift; path = XMLParser.swift; sourceTree = "<group>"; };
		FC5166D524B89EFD00DAA1EE /* NewsViewConroller.swift */ = {isa = PBXFileReference; lastKnownFileType = sourcecode.swift; path = NewsViewConroller.swift; sourceTree = "<group>"; };
		FC5166D724B8A5C400DAA1EE /* News.swift */ = {isa = PBXFileReference; lastKnownFileType = sourcecode.swift; name = News.swift; path = vesti.ru/Controllers/News.swift; sourceTree = SOURCE_ROOT; };
		FC5166D924BB1FCE00DAA1EE /* CategoriesViewController.swift */ = {isa = PBXFileReference; lastKnownFileType = sourcecode.swift; name = CategoriesViewController.swift; path = vesti.ru/Model/CategoriesViewController.swift; sourceTree = SOURCE_ROOT; };
		FC5166DB24BB6F2B00DAA1EE /* AppLaunchingViewController.swift */ = {isa = PBXFileReference; lastKnownFileType = sourcecode.swift; name = AppLaunchingViewController.swift; path = vesti.ru/Views/AppLaunchingViewController.swift; sourceTree = SOURCE_ROOT; };
		FD63EDF89BD0C520EC9F4925 /* Pods-vesti.ru.debug.xcconfig */ = {isa = PBXFileReference; includeInIndex = 1; lastKnownFileType = text.xcconfig; name = "Pods-vesti.ru.debug.xcconfig"; path = "Target Support Files/Pods-vesti.ru/Pods-vesti.ru.debug.xcconfig"; sourceTree = "<group>"; };
/* End PBXFileReference section */

/* Begin PBXFrameworksBuildPhase section */
		FC51669224B4919300DAA1EE /* Frameworks */ = {
			isa = PBXFrameworksBuildPhase;
			buildActionMask = 2147483647;
			files = (
				00286383FBEE65A2BD2CB3D7 /* Pods_vesti_ru.framework in Frameworks */,
			);
			runOnlyForDeploymentPostprocessing = 0;
		};
/* End PBXFrameworksBuildPhase section */

/* Begin PBXGroup section */
		3C0B511EFA801E82798C2197 /* Pods */ = {
			isa = PBXGroup;
			children = (
				FD63EDF89BD0C520EC9F4925 /* Pods-vesti.ru.debug.xcconfig */,
				3AEA7297D8952B9CBBA63662 /* Pods-vesti.ru.release.xcconfig */,
			);
			path = Pods;
			sourceTree = "<group>";
		};
		C55934FBEF63DBDE1D3BC8C7 /* Frameworks */ = {
			isa = PBXGroup;
			children = (
				8FC42720F083A217B3C9E262 /* Pods_vesti_ru.framework */,
			);
			name = Frameworks;
			sourceTree = "<group>";
		};
		FC51668C24B4919300DAA1EE = {
			isa = PBXGroup;
			children = (
				FC51669724B4919300DAA1EE /* vesti.ru */,
				FC51669624B4919300DAA1EE /* Products */,
				3C0B511EFA801E82798C2197 /* Pods */,
				C55934FBEF63DBDE1D3BC8C7 /* Frameworks */,
			);
			sourceTree = "<group>";
		};
		FC51669624B4919300DAA1EE /* Products */ = {
			isa = PBXGroup;
			children = (
				FC51669524B4919300DAA1EE /* ВЕСТИ.RU.app */,
			);
			name = Products;
			sourceTree = "<group>";
		};
		FC51669724B4919300DAA1EE /* vesti.ru */ = {
			isa = PBXGroup;
			children = (
				FC51669824B4919300DAA1EE /* AppDelegate.swift */,
				FC51669A24B4919300DAA1EE /* SceneDelegate.swift */,
				FC5166B424B4FC6300DAA1EE /* Model */,
				FC5166B024B4F44300DAA1EE /* Views */,
				FC5166B124B4F45E00DAA1EE /* Controllers */,
				FC5166A124B4919900DAA1EE /* Assets.xcassets */,
				FC5166A324B4919900DAA1EE /* LaunchScreen.storyboard */,
				FC5166A624B4919900DAA1EE /* Info.plist */,
			);
			path = vesti.ru;
			sourceTree = "<group>";
		};
		FC5166B024B4F44300DAA1EE /* Views */ = {
			isa = PBXGroup;
			children = (
				FC51669E24B4919300DAA1EE /* Main.storyboard */,
				FC5166AC24B4F09300DAA1EE /* NewsCell.swift */,
				FC5166AD24B4F09300DAA1EE /* NewsCell.xib */,
			);
			path = Views;
			sourceTree = "<group>";
		};
		FC5166B124B4F45E00DAA1EE /* Controllers */ = {
			isa = PBXGroup;
			children = (
				FC5166DB24BB6F2B00DAA1EE /* AppLaunchingViewController.swift */,
				FC51669C24B4919300DAA1EE /* NewsFeedViewController.swift */,
				FC5166D524B89EFD00DAA1EE /* NewsViewConroller.swift */,
				FC5166D924BB1FCE00DAA1EE /* CategoriesViewController.swift */,
			);
			path = Controllers;
			sourceTree = "<group>";
		};
		FC5166B424B4FC6300DAA1EE /* Model */ = {
			isa = PBXGroup;
			children = (
				FC5166D724B8A5C400DAA1EE /* News.swift */,
				FC5166B224B4FC5A00DAA1EE /* XMLParser.swift */,
			);
			path = Model;
			sourceTree = "<group>";
		};
/* End PBXGroup section */

/* Begin PBXNativeTarget section */
		FC51669424B4919300DAA1EE /* vesti.ru */ = {
			isa = PBXNativeTarget;
			buildConfigurationList = FC5166A924B4919900DAA1EE /* Build configuration list for PBXNativeTarget "vesti.ru" */;
			buildPhases = (
				99F8D6DBD995D2D23897D710 /* [CP] Check Pods Manifest.lock */,
				FC51669124B4919300DAA1EE /* Sources */,
				FC51669224B4919300DAA1EE /* Frameworks */,
				FC51669324B4919300DAA1EE /* Resources */,
				4B30EAE450D0571252ADABD3 /* [CP] Embed Pods Frameworks */,
			);
			buildRules = (
			);
			dependencies = (
			);
			name = vesti.ru;
			productName = vesti.ru;
			productReference = FC51669524B4919300DAA1EE /* ВЕСТИ.RU.app */;
			productType = "com.apple.product-type.application";
		};
/* End PBXNativeTarget section */

/* Begin PBXProject section */
		FC51668D24B4919300DAA1EE /* Project object */ = {
			isa = PBXProject;
			attributes = {
				LastSwiftUpdateCheck = 1140;
				LastUpgradeCheck = 1140;
				ORGANIZATIONNAME = "Arden Zhakhin";
				TargetAttributes = {
					FC51669424B4919300DAA1EE = {
						CreatedOnToolsVersion = 11.4;
					};
				};
			};
			buildConfigurationList = FC51669024B4919300DAA1EE /* Build configuration list for PBXProject "vesti.ru" */;
			compatibilityVersion = "Xcode 9.3";
			developmentRegion = en;
			hasScannedForEncodings = 0;
			knownRegions = (
				en,
				Base,
			);
			mainGroup = FC51668C24B4919300DAA1EE;
			productRefGroup = FC51669624B4919300DAA1EE /* Products */;
			projectDirPath = "";
			projectRoot = "";
			targets = (
				FC51669424B4919300DAA1EE /* vesti.ru */,
			);
		};
/* End PBXProject section */

/* Begin PBXResourcesBuildPhase section */
		FC51669324B4919300DAA1EE /* Resources */ = {
			isa = PBXResourcesBuildPhase;
			buildActionMask = 2147483647;
			files = (
				FC5166A524B4919900DAA1EE /* LaunchScreen.storyboard in Resources */,
				FC5166A224B4919900DAA1EE /* Assets.xcassets in Resources */,
				FC5166AF24B4F09300DAA1EE /* NewsCell.xib in Resources */,
				FC5166A024B4919300DAA1EE /* Main.storyboard in Resources */,
			);
			runOnlyForDeploymentPostprocessing = 0;
		};
/* End PBXResourcesBuildPhase section */

/* Begin PBXShellScriptBuildPhase section */
		4B30EAE450D0571252ADABD3 /* [CP] Embed Pods Frameworks */ = {
			isa = PBXShellScriptBuildPhase;
			buildActionMask = 2147483647;
			files = (
			);
			inputFileListPaths = (
				"${PODS_ROOT}/Target Support Files/Pods-vesti.ru/Pods-vesti.ru-frameworks-${CONFIGURATION}-input-files.xcfilelist",
			);
			name = "[CP] Embed Pods Frameworks";
			outputFileListPaths = (
				"${PODS_ROOT}/Target Support Files/Pods-vesti.ru/Pods-vesti.ru-frameworks-${CONFIGURATION}-output-files.xcfilelist",
			);
			runOnlyForDeploymentPostprocessing = 0;
			shellPath = /bin/sh;
			shellScript = "\"${PODS_ROOT}/Target Support Files/Pods-vesti.ru/Pods-vesti.ru-frameworks.sh\"\n";
			showEnvVarsInLog = 0;
		};
		99F8D6DBD995D2D23897D710 /* [CP] Check Pods Manifest.lock */ = {
			isa = PBXShellScriptBuildPhase;
			buildActionMask = 2147483647;
			files = (
			);
			inputFileListPaths = (
			);
			inputPaths = (
				"${PODS_PODFILE_DIR_PATH}/Podfile.lock",
				"${PODS_ROOT}/Manifest.lock",
			);
			name = "[CP] Check Pods Manifest.lock";
			outputFileListPaths = (
			);
			outputPaths = (
				"$(DERIVED_FILE_DIR)/Pods-vesti.ru-checkManifestLockResult.txt",
			);
			runOnlyForDeploymentPostprocessing = 0;
			shellPath = /bin/sh;
			shellScript = "diff \"${PODS_PODFILE_DIR_PATH}/Podfile.lock\" \"${PODS_ROOT}/Manifest.lock\" > /dev/null\nif [ $? != 0 ] ; then\n    # print error to STDERR\n    echo \"error: The sandbox is not in sync with the Podfile.lock. Run 'pod install' or update your CocoaPods installation.\" >&2\n    exit 1\nfi\n# This output is used by Xcode 'outputs' to avoid re-running this script phase.\necho \"SUCCESS\" > \"${SCRIPT_OUTPUT_FILE_0}\"\n";
			showEnvVarsInLog = 0;
		};
/* End PBXShellScriptBuildPhase section */

/* Begin PBXSourcesBuildPhase section */
		FC51669124B4919300DAA1EE /* Sources */ = {
			isa = PBXSourcesBuildPhase;
			buildActionMask = 2147483647;
			files = (
				FC51669D24B4919300DAA1EE /* NewsFeedViewController.swift in Sources */,
				FC51669924B4919300DAA1EE /* AppDelegate.swift in Sources */,
				FC5166DC24BB6F2B00DAA1EE /* AppLaunchingViewController.swift in Sources */,
				FC5166D624B89EFE00DAA1EE /* NewsViewConroller.swift in Sources */,
				FC5166AE24B4F09300DAA1EE /* NewsCell.swift in Sources */,
				FC5166D824B8A5C400DAA1EE /* News.swift in Sources */,
				FC51669B24B4919300DAA1EE /* SceneDelegate.swift in Sources */,
				FC5166DA24BB1FCE00DAA1EE /* CategoriesViewController.swift in Sources */,
				FC5166B324B4FC5A00DAA1EE /* XMLParser.swift in Sources */,
			);
			runOnlyForDeploymentPostprocessing = 0;
		};
/* End PBXSourcesBuildPhase section */

/* Begin PBXVariantGroup section */
		FC51669E24B4919300DAA1EE /* Main.storyboard */ = {
			isa = PBXVariantGroup;
			children = (
				FC51669F24B4919300DAA1EE /* Base */,
			);
			name = Main.storyboard;
			sourceTree = "<group>";
		};
		FC5166A324B4919900DAA1EE /* LaunchScreen.storyboard */ = {
			isa = PBXVariantGroup;
			children = (
				FC5166A424B4919900DAA1EE /* Base */,
			);
			name = LaunchScreen.storyboard;
			sourceTree = "<group>";
		};
/* End PBXVariantGroup section */

/* Begin XCBuildConfiguration section */
		FC5166A724B4919900DAA1EE /* Debug */ = {
			isa = XCBuildConfiguration;
			buildSettings = {
				ALWAYS_SEARCH_USER_PATHS = NO;
				CLANG_ANALYZER_NONNULL = YES;
				CLANG_ANALYZER_NUMBER_OBJECT_CONVERSION = YES_AGGRESSIVE;
				CLANG_CXX_LANGUAGE_STANDARD = "gnu++14";
				CLANG_CXX_LIBRARY = "libc++";
				CLANG_ENABLE_MODULES = YES;
				CLANG_ENABLE_OBJC_ARC = YES;
				CLANG_ENABLE_OBJC_WEAK = YES;
				CLANG_WARN_BLOCK_CAPTURE_AUTORELEASING = YES;
				CLANG_WARN_BOOL_CONVERSION = YES;
				CLANG_WARN_COMMA = YES;
				CLANG_WARN_CONSTANT_CONVERSION = YES;
				CLANG_WARN_DEPRECATED_OBJC_IMPLEMENTATIONS = YES;
				CLANG_WARN_DIRECT_OBJC_ISA_USAGE = YES_ERROR;
				CLANG_WARN_DOCUMENTATION_COMMENTS = YES;
				CLANG_WARN_EMPTY_BODY = YES;
				CLANG_WARN_ENUM_CONVERSION = YES;
				CLANG_WARN_INFINITE_RECURSION = YES;
				CLANG_WARN_INT_CONVERSION = YES;
				CLANG_WARN_NON_LITERAL_NULL_CONVERSION = YES;
				CLANG_WARN_OBJC_IMPLICIT_RETAIN_SELF = YES;
				CLANG_WARN_OBJC_LITERAL_CONVERSION = YES;
				CLANG_WARN_OBJC_ROOT_CLASS = YES_ERROR;
				CLANG_WARN_RANGE_LOOP_ANALYSIS = YES;
				CLANG_WARN_STRICT_PROTOTYPES = YES;
				CLANG_WARN_SUSPICIOUS_MOVE = YES;
				CLANG_WARN_UNGUARDED_AVAILABILITY = YES_AGGRESSIVE;
				CLANG_WARN_UNREACHABLE_CODE = YES;
				CLANG_WARN__DUPLICATE_METHOD_MATCH = YES;
				COPY_PHASE_STRIP = NO;
				DEBUG_INFORMATION_FORMAT = dwarf;
				ENABLE_STRICT_OBJC_MSGSEND = YES;
				ENABLE_TESTABILITY = YES;
				GCC_C_LANGUAGE_STANDARD = gnu11;
				GCC_DYNAMIC_NO_PIC = NO;
				GCC_NO_COMMON_BLOCKS = YES;
				GCC_OPTIMIZATION_LEVEL = 0;
				GCC_PREPROCESSOR_DEFINITIONS = (
					"DEBUG=1",
					"$(inherited)",
				);
				GCC_WARN_64_TO_32_BIT_CONVERSION = YES;
				GCC_WARN_ABOUT_RETURN_TYPE = YES_ERROR;
				GCC_WARN_UNDECLARED_SELECTOR = YES;
				GCC_WARN_UNINITIALIZED_AUTOS = YES_AGGRESSIVE;
				GCC_WARN_UNUSED_FUNCTION = YES;
				GCC_WARN_UNUSED_VARIABLE = YES;
				IPHONEOS_DEPLOYMENT_TARGET = 13.4;
				MTL_ENABLE_DEBUG_INFO = INCLUDE_SOURCE;
				MTL_FAST_MATH = YES;
				ONLY_ACTIVE_ARCH = YES;
				SDKROOT = iphoneos;
				SWIFT_ACTIVE_COMPILATION_CONDITIONS = DEBUG;
				SWIFT_OPTIMIZATION_LEVEL = "-Onone";
			};
			name = Debug;
		};
		FC5166A824B4919900DAA1EE /* Release */ = {
			isa = XCBuildConfiguration;
			buildSettings = {
				ALWAYS_SEARCH_USER_PATHS = NO;
				CLANG_ANALYZER_NONNULL = YES;
				CLANG_ANALYZER_NUMBER_OBJECT_CONVERSION = YES_AGGRESSIVE;
				CLANG_CXX_LANGUAGE_STANDARD = "gnu++14";
				CLANG_CXX_LIBRARY = "libc++";
				CLANG_ENABLE_MODULES = YES;
				CLANG_ENABLE_OBJC_ARC = YES;
				CLANG_ENABLE_OBJC_WEAK = YES;
				CLANG_WARN_BLOCK_CAPTURE_AUTORELEASING = YES;
				CLANG_WARN_BOOL_CONVERSION = YES;
				CLANG_WARN_COMMA = YES;
				CLANG_WARN_CONSTANT_CONVERSION = YES;
				CLANG_WARN_DEPRECATED_OBJC_IMPLEMENTATIONS = YES;
				CLANG_WARN_DIRECT_OBJC_ISA_USAGE = YES_ERROR;
				CLANG_WARN_DOCUMENTATION_COMMENTS = YES;
				CLANG_WARN_EMPTY_BODY = YES;
				CLANG_WARN_ENUM_CONVERSION = YES;
				CLANG_WARN_INFINITE_RECURSION = YES;
				CLANG_WARN_INT_CONVERSION = YES;
				CLANG_WARN_NON_LITERAL_NULL_CONVERSION = YES;
				CLANG_WARN_OBJC_IMPLICIT_RETAIN_SELF = YES;
				CLANG_WARN_OBJC_LITERAL_CONVERSION = YES;
				CLANG_WARN_OBJC_ROOT_CLASS = YES_ERROR;
				CLANG_WARN_RANGE_LOOP_ANALYSIS = YES;
				CLANG_WARN_STRICT_PROTOTYPES = YES;
				CLANG_WARN_SUSPICIOUS_MOVE = YES;
				CLANG_WARN_UNGUARDED_AVAILABILITY = YES_AGGRESSIVE;
				CLANG_WARN_UNREACHABLE_CODE = YES;
				CLANG_WARN__DUPLICATE_METHOD_MATCH = YES;
				COPY_PHASE_STRIP = NO;
				DEBUG_INFORMATION_FORMAT = "dwarf-with-dsym";
				ENABLE_NS_ASSERTIONS = NO;
				ENABLE_STRICT_OBJC_MSGSEND = YES;
				GCC_C_LANGUAGE_STANDARD = gnu11;
				GCC_NO_COMMON_BLOCKS = YES;
				GCC_WARN_64_TO_32_BIT_CONVERSION = YES;
				GCC_WARN_ABOUT_RETURN_TYPE = YES_ERROR;
				GCC_WARN_UNDECLARED_SELECTOR = YES;
				GCC_WARN_UNINITIALIZED_AUTOS = YES_AGGRESSIVE;
				GCC_WARN_UNUSED_FUNCTION = YES;
				GCC_WARN_UNUSED_VARIABLE = YES;
				IPHONEOS_DEPLOYMENT_TARGET = 13.4;
				MTL_ENABLE_DEBUG_INFO = NO;
				MTL_FAST_MATH = YES;
				SDKROOT = iphoneos;
				SWIFT_COMPILATION_MODE = wholemodule;
				SWIFT_OPTIMIZATION_LEVEL = "-O";
				VALIDATE_PRODUCT = YES;
			};
			name = Release;
		};
		FC5166AA24B4919900DAA1EE /* Debug */ = {
			isa = XCBuildConfiguration;
			baseConfigurationReference = FD63EDF89BD0C520EC9F4925 /* Pods-vesti.ru.debug.xcconfig */;
			buildSettings = {
				ASSETCATALOG_COMPILER_APPICON_NAME = AppIcon;
				CODE_SIGN_STYLE = Automatic;
				DEVELOPMENT_TEAM = 8QGJJ7998A;
				INFOPLIST_FILE = vesti.ru/Info.plist;
				LD_RUNPATH_SEARCH_PATHS = (
					"$(inherited)",
					"@executable_path/Frameworks",
				);
				PRODUCT_BUNDLE_IDENTIFIER = "com.ardenzhakhin.vesti-ru";
				PRODUCT_NAME = "ВЕСТИ.RU";
				SWIFT_VERSION = 5.0;
				TARGETED_DEVICE_FAMILY = "1,2";
			};
			name = Debug;
		};
		FC5166AB24B4919900DAA1EE /* Release */ = {
			isa = XCBuildConfiguration;
			baseConfigurationReference = 3AEA7297D8952B9CBBA63662 /* Pods-vesti.ru.release.xcconfig */;
			buildSettings = {
				ASSETCATALOG_COMPILER_APPICON_NAME = AppIcon;
				CODE_SIGN_STYLE = Automatic;
				DEVELOPMENT_TEAM = 8QGJJ7998A;
				INFOPLIST_FILE = vesti.ru/Info.plist;
				LD_RUNPATH_SEARCH_PATHS = (
					"$(inherited)",
					"@executable_path/Frameworks",
				);
				PRODUCT_BUNDLE_IDENTIFIER = "com.ardenzhakhin.vesti-ru";
				PRODUCT_NAME = "ВЕСТИ.RU";
				SWIFT_VERSION = 5.0;
				TARGETED_DEVICE_FAMILY = "1,2";
			};
			name = Release;
		};
/* End XCBuildConfiguration section */

/* Begin XCConfigurationList section */
		FC51669024B4919300DAA1EE /* Build configuration list for PBXProject "vesti.ru" */ = {
			isa = XCConfigurationList;
			buildConfigurations = (
				FC5166A724B4919900DAA1EE /* Debug */,
				FC5166A824B4919900DAA1EE /* Release */,
			);
			defaultConfigurationIsVisible = 0;
			defaultConfigurationName = Release;
		};
		FC5166A924B4919900DAA1EE /* Build configuration list for PBXNativeTarget "vesti.ru" */ = {
			isa = XCConfigurationList;
			buildConfigurations = (
				FC5166AA24B4919900DAA1EE /* Debug */,
				FC5166AB24B4919900DAA1EE /* Release */,
			);
			defaultConfigurationIsVisible = 0;
			defaultConfigurationName = Release;
		};
/* End XCConfigurationList section */
	};
	rootObject = FC51668D24B4919300DAA1EE /* Project object */;
}
